<?xml version="1.0" encoding="utf-8"?>
<Project ToolsVersion="4.0" xmlns="http://schemas.microsoft.com/developer/msbuild/2003">
  <ItemGroup>
    <ClCompile Include="stdafx.cpp">
      <Filter>Source Files</Filter>
    </ClCompile>
    <ClCompile Include="GXClient.cpp">
      <Filter>Source Files</Filter>
    </ClCompile>
    <ClCompile Include="GuruxDLMSLibClientExample.cpp">
      <Filter>Source Files</Filter>
    </ClCompile>
  </ItemGroup>
  <ItemGroup>
    <ClInclude Include="GuruxDLMS\Enums.h">
      <Filter>GuruxDLMS</Filter>
    </ClInclude>
    <ClInclude Include="GuruxDLMS\ErrorCodes.h">
      <Filter>GuruxDLMS</Filter>
    </ClInclude>
    <ClInclude Include="GuruxDLMS\GXAPDU.h">
      <Filter>GuruxDLMS</Filter>
    </ClInclude>
    <ClInclude Include="GXClient.h">
      <Filter>Header Files</Filter>
    </ClInclude>
    <ClInclude Include="stdafx.h">
      <Filter>Header Files</Filter>
    </ClInclude>
    <ClInclude Include="targetver.h">
      <Filter>Header Files</Filter>
    </ClInclude>
    <ClInclude Include="GuruxDLMS\GXAuthentication.h">
      <Filter>GuruxDLMS</Filter>
    </ClInclude>
    <ClInclude Include="GuruxDLMS\GXDLMS.h">
      <Filter>GuruxDLMS</Filter>
    </ClInclude>
    <ClInclude Include="GuruxDLMS\GXDLMSClient.h">
      <Filter>GuruxDLMS</Filter>
    </ClInclude>
    <ClInclude Include="GuruxDLMS\GXDLMSLNSettings.h">
      <Filter>GuruxDLMS</Filter>
    </ClInclude>
    <ClInclude Include="GuruxDLMS\GXDLMSServerBase.h">
      <Filter>GuruxDLMS</Filter>
    </ClInclude>
    <ClInclude Include="GuruxDLMS\GXDLMSSNSettings.h">
      <Filter>GuruxDLMS</Filter>
    </ClInclude>
    <ClInclude Include="GuruxDLMS\GXDLMSVariant.h">
      <Filter>GuruxDLMS</Filter>
    </ClInclude>
    <ClInclude Include="GuruxDLMS\GXHelpers.h">
      <Filter>GuruxDLMS</Filter>
    </ClInclude>
    <ClInclude Include="GuruxDLMS\GXOBISTemplate.h">
      <Filter>GuruxDLMS</Filter>
    </ClInclude>
    <ClInclude Include="GuruxDLMS\GXDLMSLimits.h">
      <Filter>GuruxDLMS</Filter>
    </ClInclude>
    <ClInclude Include="GuruxDLMS\GXParserLite.h">
      <Filter>GuruxDLMS</Filter>
    </ClInclude>
    <ClInclude Include="GuruxDLMS\GXStandardObisCode.h">
      <Filter>GuruxDLMS</Filter>
    </ClInclude>
    <ClInclude Include="GuruxDLMS\GXStandardObisCodeCollection.h">
      <Filter>GuruxDLMS</Filter>
    </ClInclude>
    <ClInclude Include="GuruxDLMS\GXDateTime.h">
      <Filter>GuruxDLMS</Filter>
    </ClInclude>
    <ClInclude Include="GuruxDLMS\Objects\GXDLMSActionItem.h">
      <Filter>GuruxDLMS\Objects</Filter>
    </ClInclude>
    <ClInclude Include="GuruxDLMS\Objects\GXDLMSActionSchedule.h">
      <Filter>GuruxDLMS\Objects</Filter>
    </ClInclude>
    <ClInclude Include="GuruxDLMS\Objects\GXDLMSActionSet.h">
      <Filter>GuruxDLMS\Objects</Filter>
    </ClInclude>
    <ClInclude Include="GuruxDLMS\Objects\GXDLMSActivityCalendar.h">
      <Filter>GuruxDLMS\Objects</Filter>
    </ClInclude>
    <ClInclude Include="GuruxDLMS\Objects\GXDLMSAssociationLogicalName.h">
      <Filter>GuruxDLMS\Objects</Filter>
    </ClInclude>
    <ClInclude Include="GuruxDLMS\Objects\GXDLMSAssociationShortName.h">
      <Filter>GuruxDLMS\Objects</Filter>
    </ClInclude>
    <ClInclude Include="GuruxDLMS\Objects\GXDLMSAutoAnswer.h">
      <Filter>GuruxDLMS\Objects</Filter>
    </ClInclude>
    <ClInclude Include="GuruxDLMS\Objects\GXDLMSAutoConnect.h">
      <Filter>GuruxDLMS\Objects</Filter>
    </ClInclude>
    <ClInclude Include="GuruxDLMS\Objects\GXDLMSCaptureObject.h">
      <Filter>GuruxDLMS\Objects</Filter>
    </ClInclude>
    <ClInclude Include="GuruxDLMS\Objects\GXDLMSClock.h">
      <Filter>GuruxDLMS\Objects</Filter>
    </ClInclude>
    <ClInclude Include="GuruxDLMS\Objects\GXDLMSData.h">
      <Filter>GuruxDLMS\Objects</Filter>
    </ClInclude>
    <ClInclude Include="GuruxDLMS\Objects\GXDLMSDayProfile.h">
      <Filter>GuruxDLMS\Objects</Filter>
    </ClInclude>
    <ClInclude Include="GuruxDLMS\Objects\GXDLMSDayProfileAction.h">
      <Filter>GuruxDLMS\Objects</Filter>
    </ClInclude>
    <ClInclude Include="GuruxDLMS\Objects\GXDLMSDemandRegister.h">
      <Filter>GuruxDLMS\Objects</Filter>
    </ClInclude>
    <ClInclude Include="GuruxDLMS\Objects\GXDLMSDisconnectControl.h">
      <Filter>GuruxDLMS\Objects</Filter>
    </ClInclude>
    <ClInclude Include="GuruxDLMS\Objects\GXDLMSEmergencyProfile.h">
      <Filter>GuruxDLMS\Objects</Filter>
    </ClInclude>
    <ClInclude Include="GuruxDLMS\Objects\GXDLMSExtendedRegister.h">
      <Filter>GuruxDLMS\Objects</Filter>
    </ClInclude>
    <ClInclude Include="GuruxDLMS\Objects\GXDLMSGPRSSetup.h">
      <Filter>GuruxDLMS\Objects</Filter>
    </ClInclude>
    <ClInclude Include="GuruxDLMS\Objects\GXDLMSHdlcSetup.h">
      <Filter>GuruxDLMS\Objects</Filter>
    </ClInclude>
    <ClInclude Include="GuruxDLMS\Objects\GXDLMSIECOpticalPortSetup.h">
      <Filter>GuruxDLMS\Objects</Filter>
    </ClInclude>
    <ClInclude Include="GuruxDLMS\Objects\GXDLMSImageActivateInfo.h">
      <Filter>GuruxDLMS\Objects</Filter>
    </ClInclude>
    <ClInclude Include="GuruxDLMS\Objects\GXDLMSImageTransfer.h">
      <Filter>GuruxDLMS\Objects</Filter>
    </ClInclude>
    <ClInclude Include="GuruxDLMS\Objects\GXDLMSIp4Setup.h">
      <Filter>GuruxDLMS\Objects</Filter>
    </ClInclude>
    <ClInclude Include="GuruxDLMS\Objects\GXDLMSIp4SetupIpOption.h">
      <Filter>GuruxDLMS\Objects</Filter>
    </ClInclude>
    <ClInclude Include="GuruxDLMS\Objects\GXDLMSLimiter.h">
      <Filter>GuruxDLMS\Objects</Filter>
    </ClInclude>
    <ClInclude Include="GuruxDLMS\Objects\GXDLMSMacAddressSetup.h">
      <Filter>GuruxDLMS\Objects</Filter>
    </ClInclude>
    <ClInclude Include="GuruxDLMS\Objects\GXDLMSMBusClient.h">
      <Filter>GuruxDLMS\Objects</Filter>
    </ClInclude>
    <ClInclude Include="GuruxDLMS\Objects\GXDLMSMBusSlavePortSetup.h">
      <Filter>GuruxDLMS\Objects</Filter>
    </ClInclude>
    <ClInclude Include="GuruxDLMS\Objects\GXDLMSModemConfiguration.h">
      <Filter>GuruxDLMS\Objects</Filter>
    </ClInclude>
    <ClInclude Include="GuruxDLMS\Objects\GXDLMSModemInitialisation.h">
      <Filter>GuruxDLMS\Objects</Filter>
    </ClInclude>
    <ClInclude Include="GuruxDLMS\Objects\GXDLMSMonitoredValue.h">
      <Filter>GuruxDLMS\Objects</Filter>
    </ClInclude>
    <ClInclude Include="GuruxDLMS\Objects\GXDLMSObject.h">
      <Filter>GuruxDLMS\Objects</Filter>
    </ClInclude>
    <ClInclude Include="GuruxDLMS\Objects\GXDLMSObjectCollection.h">
      <Filter>GuruxDLMS\Objects</Filter>
    </ClInclude>
    <ClInclude Include="GuruxDLMS\Objects\GXDLMSPppSetup.h">
      <Filter>GuruxDLMS\Objects</Filter>
    </ClInclude>
    <ClInclude Include="GuruxDLMS\Objects\GXDLMSProfileGeneric.h">
      <Filter>GuruxDLMS\Objects</Filter>
    </ClInclude>
    <ClInclude Include="GuruxDLMS\Objects\GXDLMSQualityOfService.h">
      <Filter>GuruxDLMS\Objects</Filter>
    </ClInclude>
    <ClInclude Include="GuruxDLMS\Objects\GXDLMSRegister.h">
      <Filter>GuruxDLMS\Objects</Filter>
    </ClInclude>
    <ClInclude Include="GuruxDLMS\Objects\GXDLMSRegisterActivation.h">
      <Filter>GuruxDLMS\Objects</Filter>
    </ClInclude>
    <ClInclude Include="GuruxDLMS\Objects\GXDLMSRegisterMonitor.h">
      <Filter>GuruxDLMS\Objects</Filter>
    </ClInclude>
    <ClInclude Include="GuruxDLMS\Objects\GXDLMSSapAssignment.h">
      <Filter>GuruxDLMS\Objects</Filter>
    </ClInclude>
    <ClInclude Include="GuruxDLMS\Objects\GXDLMSSchedule.h">
      <Filter>GuruxDLMS\Objects</Filter>
    </ClInclude>
    <ClInclude Include="GuruxDLMS\Objects\GXDLMSScriptTable.h">
      <Filter>GuruxDLMS\Objects</Filter>
    </ClInclude>
    <ClInclude Include="GuruxDLMS\Objects\GXDLMSSeasonProfile.h">
      <Filter>GuruxDLMS\Objects</Filter>
    </ClInclude>
    <ClInclude Include="GuruxDLMS\Objects\GXDLMSSecuritySetup.h">
      <Filter>GuruxDLMS\Objects</Filter>
    </ClInclude>
    <ClInclude Include="GuruxDLMS\Objects\GXDLMSSpecialDay.h">
      <Filter>GuruxDLMS\Objects</Filter>
    </ClInclude>
    <ClInclude Include="GuruxDLMS\Objects\GXDLMSSpecialDaysTable.h">
      <Filter>GuruxDLMS\Objects</Filter>
    </ClInclude>
    <ClInclude Include="GuruxDLMS\Objects\GXDLMSTcpUdpSetup.h">
      <Filter>GuruxDLMS\Objects</Filter>
    </ClInclude>
    <ClInclude Include="GuruxDLMS\Objects\GXDLMSWeekProfile.h">
      <Filter>GuruxDLMS\Objects</Filter>
    </ClInclude>
    <ClInclude Include="GuruxDLMS\Objects\IGXDLMSBase.h">
      <Filter>GuruxDLMS\Objects</Filter>
    </ClInclude>
    <ClInclude Include="GuruxDLMS\Objects\GXApplicationContextName.h">
      <Filter>GuruxDLMS\Objects</Filter>
    </ClInclude>
    <ClInclude Include="GuruxDLMS\Objects\GXAuthenticationMechanismName.h">
      <Filter>GuruxDLMS\Objects</Filter>
    </ClInclude>
    <ClInclude Include="GuruxDLMS\Objects\GXDLMSMBusMasterPortSetup.h">
      <Filter>GuruxDLMS\Objects</Filter>
    </ClInclude>
    <ClInclude Include="GuruxDLMS\Objects\GXDLMSMessageHandler.h">
      <Filter>GuruxDLMS\Objects</Filter>
    </ClInclude>
    <ClInclude Include="GuruxDLMS\Objects\GXDLMSObjectDefinition.h">
      <Filter>GuruxDLMS\Objects</Filter>
    </ClInclude>
    <ClInclude Include="GuruxDLMS\Objects\GXDLMSPppSetupIPCPOption.h">
      <Filter>GuruxDLMS\Objects</Filter>
    </ClInclude>
    <ClInclude Include="GuruxDLMS\Objects\GXDLMSPppSetupLcpOption.h">
      <Filter>GuruxDLMS\Objects</Filter>
    </ClInclude>
    <ClInclude Include="GuruxDLMS\Objects\GXDLMSPushObject.h">
      <Filter>GuruxDLMS\Objects</Filter>
    </ClInclude>
    <ClInclude Include="GuruxDLMS\Objects\GXDLMSPushSetup.h">
      <Filter>GuruxDLMS\Objects</Filter>
    </ClInclude>
    <ClInclude Include="GuruxDLMS\Objects\GXDLMSScriptAction.h">
      <Filter>GuruxDLMS\Objects</Filter>
    </ClInclude>
    <ClInclude Include="GuruxDLMS\Objects\GXSendDestinationAndMethod.h">
      <Filter>GuruxDLMS\Objects</Filter>
    </ClInclude>
    <ClInclude Include="GuruxDLMS\Objects\GXxDLMSContextType.h">
      <Filter>GuruxDLMS\Objects</Filter>
    </ClInclude>
  </ItemGroup>
  <ItemGroup>
    <None Include="ReadMe.txt" />
  </ItemGroup>
  <ItemGroup>
    <Filter Include="GuruxDLMS">
      <UniqueIdentifier>{103db449-c455-4bf6-92be-55f38afa975e}</UniqueIdentifier>
    </Filter>
    <Filter Include="GuruxDLMS\Objects">
      <UniqueIdentifier>{19b097ff-bf86-4d36-b774-6edf0c55db5e}</UniqueIdentifier>
    </Filter>
    <Filter Include="Header Files">
      <UniqueIdentifier>{f1ae2f2f-c02d-4cc8-aad7-25744bdbd888}</UniqueIdentifier>
    </Filter>
    <Filter Include="Source Files">
      <UniqueIdentifier>{0818ad91-75f4-4cf0-91e6-807ffdf88b71}</UniqueIdentifier>
    </Filter>
  </ItemGroup>
</Project>